# This file was autogenerated by Stack.
# You should not edit this file by hand.
# For more information, please see the documentation at:
#   https://docs.haskellstack.org/en/stable/lock_files

packages:
- completed:
    hackage: lens-regex-pcre-0.3.1.0@sha256:c0f222a6bb2fd5dab9b45488644e4f0ff00c045ecf725653ee125c872abf963c,1619
    pantry-tree:
      size: 379
      sha256: c4f3bc0bb7874c855717f3f3fe3813dbd41bf06ca4e90e2e5164cba188d7f6aa
  original:
    hackage: lens-regex-pcre-0.3.1.0
- completed:
    hackage: extra-1.6.18@sha256:5f1fff126f0ae47b701fff5aa8462dc63cb44465d5a724b0afd20a3d731903af,2705
    pantry-tree:
      size: 1828
      sha256: 61a764a72012e96ac338622af1dbcd8d7620d5952ccd631fc708fb0c5343494a
  original:
    hackage: extra-1.6.18@sha256:5f1fff126f0ae47b701fff5aa8462dc63cb44465d5a724b0afd20a3d731903af,2705
snapshots:
- completed:
    size: 523448
    url: https://raw.githubusercontent.com/commercialhaskell/stackage-snapshots/master/lts/14/1.yaml
    sha256: 0045b9bae36c3bb2dd374c29b586389845af1557eea0423958d152fc500d4fbf
  original: lts-14.1
