# This file was autogenerated by Stack.
# You should not edit this file by hand.
# For more information, please see the documentation at:
#   https://docs.haskellstack.org/en/stable/lock_files

packages:
- completed:
    hackage: lens-regex-pcre-0.3.1.0@sha256:c0f222a6bb2fd5dab9b45488644e4f0ff00c045ecf725653ee125c872abf963c,1619
    pantry-tree:
      size: 379
      sha256: c4f3bc0bb7874c855717f3f3fe3813dbd41bf06ca4e90e2e5164cba188d7f6aa
  original:
    hackage: lens-regex-pcre-0.3.1.0
snapshots:
- completed:
    size: 494116
    url: https://raw.githubusercontent.com/commercialhaskell/stackage-snapshots/master/lts/13/3.yaml
    sha256: d9b0ca796c677a8fd429009d09afc6c9efe260b8789c264ce11641e3e727466f
  original: lts-13.3
