# This file was autogenerated by Stack.
# You should not edit this file by hand.
# For more information, please see the documentation at:
#   https://docs.haskellstack.org/en/stable/lock_files

packages:
- completed:
    hackage: lens-regex-pcre-0.3.1.0@sha256:c0f222a6bb2fd5dab9b45488644e4f0ff00c045ecf725653ee125c872abf963c,1619
    pantry-tree:
      size: 379
      sha256: c4f3bc0bb7874c855717f3f3fe3813dbd41bf06ca4e90e2e5164cba188d7f6aa
  original:
    hackage: lens-regex-pcre-0.3.1.0
- completed:
    hackage: extra-1.6.18@sha256:5f1fff126f0ae47b701fff5aa8462dc63cb44465d5a724b0afd20a3d731903af,2705
    pantry-tree:
      size: 1828
      sha256: 61a764a72012e96ac338622af1dbcd8d7620d5952ccd631fc708fb0c5343494a
  original:
    hackage: extra-1.6.18@sha256:5f1fff126f0ae47b701fff5aa8462dc63cb44465d5a724b0afd20a3d731903af,2705
- completed:
    hackage: lens-family-2.0.0@sha256:b915001e862bda2ad5e0e5c17ba59f4483d02a02cbac020fd35f58e6736bc9a7,1989
    pantry-tree:
      size: 612
      sha256: 4bb7e89dabf9042b8208b427f71929d7a6c5e029af6d6f38d9b5fde9af234b94
  original:
    hackage: lens-family-2.0.0
- completed:
    hackage: lens-family-core-2.0.0@sha256:645b0553e16a3857b08fa44f11f0664296e1db5d6494a83634711c7f4f1707a7,2290
    pantry-tree:
      size: 880
      sha256: 67fda41cf1ae034c7b7d7246550d6f906b3eeae1bbb438fd47a328bf44b6a46e
  original:
    hackage: lens-family-core-2.0.0
- completed:
    hackage: lens-4.18.1@sha256:5c21912d5af370ae608a7e010c8a705e987e42e89bbed306de73f87166251c27,15419
    pantry-tree:
      size: 8253
      sha256: fa3064a40ece524cbb8af7d22caf3f9c662a1d9fb0cc860726658fc6625b452c
  original:
    hackage: lens-4.18.1@sha256:5c21912d5af370ae608a7e010c8a705e987e42e89bbed306de73f87166251c27,15419
- completed:
    hackage: type-equality-1@sha256:aeb9c44abf5d2edf52caff114a7da565d8328fa84bbe194828e4355ea85bf5b3,1457
    pantry-tree:
      size: 313
      sha256: 00d4fb756b387d6d7663ccdaae7b61234d4c9c6c5792427133f7686461fb844d
  original:
    hackage: type-equality-1@sha256:aeb9c44abf5d2edf52caff114a7da565d8328fa84bbe194828e4355ea85bf5b3,1457
snapshots:
- completed:
    size: 523448
    url: https://raw.githubusercontent.com/commercialhaskell/stackage-snapshots/master/lts/14/1.yaml
    sha256: 0045b9bae36c3bb2dd374c29b586389845af1557eea0423958d152fc500d4fbf
  original: lts-14.1
